{
  "name": "solarized-css",
  "version": "0.0.0",
  "dependencies": {
    "uglifycss": {
      "version": "0.0.5"
    },
    "stylus": {
      "version": "0.27.0",
      "dependencies": {
        "cssom": {
          "version": "0.2.3"
        },
        "mkdirp": {
          "version": "0.3.2"
        },
        "debug": {
          "version": "0.7.0"
        }
      }
    },
    "coffee-script": {
      "version": "1.3.3"
    },
    "uglify-js": {
      "version": "1.3.0"
    }
  }
}
